
Microsoft Visual Studio Solution File, Format Version 12.00
# Visual Studio Version 16
VisualStudioVersion = 16.0.31205.134
MinimumVisualStudioVersion = 10.0.40219.1
Project("{FAE04EC0-301F-11D3-BF4B-00C04F79EFBC}") = "TareaSemana3Sburi.Android", "TareaSemana3Sburi.Android\TareaSemana3Sburi.Android.csproj", "{C8C5408A-8D59-45AE-83F1-C2893711AF3A}"
EndProject
Project("{FAE04EC0-301F-11D3-BF4B-00C04F79EFBC}") = "TareaSemana3Sburi.iOS", "TareaSemana3Sburi.iOS\TareaSemana3Sburi.iOS.csproj", "{2D51A18E-9E08-4085-9393-404217568064}"
EndProject
Project("{FAE04EC0-301F-11D3-BF4B-00C04F79EFBC}") = "TareaSemana3Sburi", "TareaSemana3Sburi\TareaSemana3Sburi.csproj", "{7628AE85-9BC3-4D89-9562-AB78309F4905}"
EndProject
Global
	GlobalSection(SolutionConfigurationPlatforms) = preSolution
		Debug|Any CPU = Debug|Any CPU
		Debug|iPhone = Debug|iPhone
		Debug|iPhoneSimulator = Debug|iPhoneSimulator
		Release|Any CPU = Release|Any CPU
		Release|iPhone = Release|iPhone
		Release|iPhoneSimulator = Release|iPhoneSimulator
	EndGlobalSection
	GlobalSection(ProjectConfigurationPlatforms) = postSolution
		{C8C5408A-8D59-45AE-83F1-C2893711AF3A}.Debug|Any CPU.ActiveCfg = Debug|Any CPU
		{C8C5408A-8D59-45AE-83F1-C2893711AF3A}.Debug|Any CPU.Build.0 = Debug|Any CPU
		{C8C5408A-8D59-45AE-83F1-C2893711AF3A}.Debug|Any CPU.Deploy.0 = Debug|Any CPU
		{C8C5408A-8D59-45AE-83F1-C2893711AF3A}.Debug|iPhone.ActiveCfg = Debug|Any CPU
		{C8C5408A-8D59-45AE-83F1-C2893711AF3A}.Debug|iPhone.Build.0 = Debug|Any CPU
		{C8C5408A-8D59-45AE-83F1-C2893711AF3A}.Debug|iPhone.Deploy.0 = Debug|Any CPU
		{C8C5408A-8D59-45AE-83F1-C2893711AF3A}.Debug|iPhoneSimulator.ActiveCfg = Debug|Any CPU
		{C8C5408A-8D59-45AE-83F1-C2893711AF3A}.Debug|iPhoneSimulator.Build.0 = Debug|Any CPU
		{C8C5408A-8D59-45AE-83F1-C2893711AF3A}.Debug|iPhoneSimulator.Deploy.0 = Debug|Any CPU
		{C8C5408A-8D59-45AE-83F1-C2893711AF3A}.Release|Any CPU.ActiveCfg = Release|Any CPU
		{C8C5408A-8D59-45AE-83F1-C2893711AF3A}.Release|Any CPU.Build.0 = Release|Any CPU
		{C8C5408A-8D59-45AE-83F1-C2893711AF3A}.Release|Any CPU.Deploy.0 = Release|Any CPU
		{C8C5408A-8D59-45AE-83F1-C2893711AF3A}.Release|iPhone.ActiveCfg = Release|Any CPU
		{C8C5408A-8D59-45AE-83F1-C2893711AF3A}.Release|iPhone.Build.0 = Release|Any CPU
		{C8C5408A-8D59-45AE-83F1-C2893711AF3A}.Release|iPhone.Deploy.0 = Release|Any CPU
		{C8C5408A-8D59-45AE-83F1-C2893711AF3A}.Release|iPhoneSimulator.ActiveCfg = Release|Any CPU
		{C8C5408A-8D59-45AE-83F1-C2893711AF3A}.Release|iPhoneSimulator.Build.0 = Release|Any CPU
		{C8C5408A-8D59-45AE-83F1-C2893711AF3A}.Release|iPhoneSimulator.Deploy.0 = Release|Any CPU
		{2D51A18E-9E08-4085-9393-404217568064}.Debug|Any CPU.ActiveCfg = Debug|iPhone
		{2D51A18E-9E08-4085-9393-404217568064}.Debug|Any CPU.Build.0 = Debug|iPhone
		{2D51A18E-9E08-4085-9393-404217568064}.Debug|Any CPU.Deploy.0 = Debug|iPhone
		{2D51A18E-9E08-4085-9393-404217568064}.Debug|iPhone.ActiveCfg = Debug|iPhone
		{2D51A18E-9E08-4085-9393-404217568064}.Debug|iPhone.Build.0 = Debug|iPhone
		{2D51A18E-9E08-4085-9393-404217568064}.Debug|iPhone.Deploy.0 = Debug|iPhone
		{2D51A18E-9E08-4085-9393-404217568064}.Debug|iPhoneSimulator.ActiveCfg = Debug|iPhoneSimulator
		{2D51A18E-9E08-4085-9393-404217568064}.Debug|iPhoneSimulator.Build.0 = Debug|iPhoneSimulator
		{2D51A18E-9E08-4085-9393-404217568064}.Debug|iPhoneSimulator.Deploy.0 = Debug|iPhoneSimulator
		{2D51A18E-9E08-4085-9393-404217568064}.Release|Any CPU.ActiveCfg = Release|iPhoneSimulator
		{2D51A18E-9E08-4085-9393-404217568064}.Release|Any CPU.Build.0 = Release|iPhoneSimulator
		{2D51A18E-9E08-4085-9393-404217568064}.Release|Any CPU.Deploy.0 = Release|iPhoneSimulator
		{2D51A18E-9E08-4085-9393-404217568064}.Release|iPhone.ActiveCfg = Release|iPhone
		{2D51A18E-9E08-4085-9393-404217568064}.Release|iPhone.Build.0 = Release|iPhone
		{2D51A18E-9E08-4085-9393-404217568064}.Release|iPhone.Deploy.0 = Release|iPhone
		{2D51A18E-9E08-4085-9393-404217568064}.Release|iPhoneSimulator.ActiveCfg = Release|iPhoneSimulator
		{2D51A18E-9E08-4085-9393-404217568064}.Release|iPhoneSimulator.Build.0 = Release|iPhoneSimulator
		{2D51A18E-9E08-4085-9393-404217568064}.Release|iPhoneSimulator.Deploy.0 = Release|iPhoneSimulator
		{7628AE85-9BC3-4D89-9562-AB78309F4905}.Debug|Any CPU.ActiveCfg = Debug|Any CPU
		{7628AE85-9BC3-4D89-9562-AB78309F4905}.Debug|Any CPU.Build.0 = Debug|Any CPU
		{7628AE85-9BC3-4D89-9562-AB78309F4905}.Debug|Any CPU.Deploy.0 = Debug|Any CPU
		{7628AE85-9BC3-4D89-9562-AB78309F4905}.Debug|iPhone.ActiveCfg = Debug|Any CPU
		{7628AE85-9BC3-4D89-9562-AB78309F4905}.Debug|iPhone.Build.0 = Debug|Any CPU
		{7628AE85-9BC3-4D89-9562-AB78309F4905}.Debug|iPhone.Deploy.0 = Debug|Any CPU
		{7628AE85-9BC3-4D89-9562-AB78309F4905}.Debug|iPhoneSimulator.ActiveCfg = Debug|Any CPU
		{7628AE85-9BC3-4D89-9562-AB78309F4905}.Debug|iPhoneSimulator.Build.0 = Debug|Any CPU
		{7628AE85-9BC3-4D89-9562-AB78309F4905}.Debug|iPhoneSimulator.Deploy.0 = Debug|Any CPU
		{7628AE85-9BC3-4D89-9562-AB78309F4905}.Release|Any CPU.ActiveCfg = Release|Any CPU
		{7628AE85-9BC3-4D89-9562-AB78309F4905}.Release|Any CPU.Build.0 = Release|Any CPU
		{7628AE85-9BC3-4D89-9562-AB78309F4905}.Release|Any CPU.Deploy.0 = Release|Any CPU
		{7628AE85-9BC3-4D89-9562-AB78309F4905}.Release|iPhone.ActiveCfg = Release|Any CPU
		{7628AE85-9BC3-4D89-9562-AB78309F4905}.Release|iPhone.Build.0 = Release|Any CPU
		{7628AE85-9BC3-4D89-9562-AB78309F4905}.Release|iPhone.Deploy.0 = Release|Any CPU
		{7628AE85-9BC3-4D89-9562-AB78309F4905}.Release|iPhoneSimulator.ActiveCfg = Release|Any CPU
		{7628AE85-9BC3-4D89-9562-AB78309F4905}.Release|iPhoneSimulator.Build.0 = Release|Any CPU
		{7628AE85-9BC3-4D89-9562-AB78309F4905}.Release|iPhoneSimulator.Deploy.0 = Release|Any CPU
	EndGlobalSection
	GlobalSection(SolutionProperties) = preSolution
		HideSolutionNode = FALSE
	EndGlobalSection
	GlobalSection(ExtensibilityGlobals) = postSolution
		SolutionGuid = {1942F84A-2395-4DAE-8D18-6655C0626ED6}
	EndGlobalSection
EndGlobal
